<?xml version="1.0" encoding="utf-8"?>
<Project ToolsVersion="4.0" xmlns="http://schemas.microsoft.com/developer/msbuild/2003">
  <ItemGroup>
    <Filter Include="Source Files">
      <UniqueIdentifier>{4FC737F1-C7A5-4376-A066-2A32D752A2FF}</UniqueIdentifier>
      <Extensions>cpp;c;cc;cxx;c++;cppm;ixx;def;odl;idl;hpj;bat;asm;asmx</Extensions>
    </Filter>
    <Filter Include="Header Files">
      <UniqueIdentifier>{93995380-89BD-4b04-88EB-625FBE52EBFB}</UniqueIdentifier>
      <Extensions>h;hh;hpp;hxx;h++;hm;inl;inc;ipp;xsd</Extensions>
    </Filter>
    <Filter Include="Resource Files">
      <UniqueIdentifier>{67DA6AB6-F800-4c08-8B7A-83BB121AAD01}</UniqueIdentifier>
      <Extensions>rc;ico;cur;bmp;dlg;rc2;rct;bin;rgs;gif;jpg;jpeg;jpe;resx;tiff;tif;png;wav;mfcribbon-ms</Extensions>
    </Filter>
    <Filter Include="Header Files\Interpreter">
      <UniqueIdentifier>{cf649387-b020-40a8-8514-3fd4b5cf930c}</UniqueIdentifier>
    </Filter>
    <Filter Include="Header Files\Gui">
      <UniqueIdentifier>{a69f49b9-187d-4210-8209-ae5568a31c02}</UniqueIdentifier>
    </Filter>
    <Filter Include="Source Files\Interpreter">
      <UniqueIdentifier>{c95cf4c9-eff7-4c9a-840b-00b8bf6551bc}</UniqueIdentifier>
    </Filter>
    <Filter Include="Source Files\Gui">
      <UniqueIdentifier>{371c01c7-90eb-4eb4-a0b5-74b0cf106dfa}</UniqueIdentifier>
    </Filter>
    <Filter Include="Source Files\Processes">
      <UniqueIdentifier>{2852fd6d-62af-41fc-8316-b05943f26163}</UniqueIdentifier>
    </Filter>
    <Filter Include="Header Files\Processes">
      <UniqueIdentifier>{2d94be74-7796-4321-a167-2837b72da4e0}</UniqueIdentifier>
    </Filter>
    <Filter Include="Header Files\Kernel">
      <UniqueIdentifier>{15f62cc2-7827-4170-a499-f1718f26ca05}</UniqueIdentifier>
    </Filter>
    <Filter Include="Source Files\Kernel">
      <UniqueIdentifier>{ec26891d-7e2c-4e40-8df8-738f7f38aa87}</UniqueIdentifier>
    </Filter>
    <Filter Include="Modules">
      <UniqueIdentifier>{336934d4-f7c5-4aba-934d-12b6ce7fa5ff}</UniqueIdentifier>
    </Filter>
  </ItemGroup>
  <ItemGroup>
    <ClCompile Include="Source.cpp">
      <Filter>Source Files</Filter>
    </ClCompile>
    <ClCompile Include="OsFrame.cpp">
      <Filter>Source Files\Gui</Filter>
    </ClCompile>
    <ClCompile Include="VirtualOsApp.cpp">
      <Filter>Source Files\Gui</Filter>
    </ClCompile>
    <ClCompile Include="OsAppIcon.cpp">
      <Filter>Source Files\Gui</Filter>
    </ClCompile>
    <ClCompile Include="DeskTop.cpp">
      <Filter>Source Files\Gui</Filter>
    </ClCompile>
    <ClCompile Include="Lexer.cpp">
      <Filter>Source Files\Interpreter</Filter>
    </ClCompile>
    <ClCompile Include="Parser.cpp">
      <Filter>Source Files\Interpreter</Filter>
    </ClCompile>
    <ClCompile Include="Interpreter.cpp">
      <Filter>Source Files\Interpreter</Filter>
    </ClCompile>
    <ClCompile Include="Process.cpp">
      <Filter>Source Files\Processes</Filter>
    </ClCompile>
    <ClCompile Include="Kernel.cpp">
      <Filter>Source Files\Kernel</Filter>
    </ClCompile>
    <ClCompile Include="ProcessWindow.cpp">
      <Filter>Source Files\Processes</Filter>
    </ClCompile>
    <ClCompile Include="VirtualOs.cpp">
      <Filter>Source Files</Filter>
    </ClCompile>
    <ClCompile Include="TaskBar.cpp">
      <Filter>Source Files\Gui</Filter>
    </ClCompile>
  </ItemGroup>
  <ItemGroup>
    <ClInclude Include="VirtualOsApp.h">
      <Filter>Header Files\Gui</Filter>
    </ClInclude>
    <ClInclude Include="OsFrame.h">
      <Filter>Header Files\Gui</Filter>
    </ClInclude>
    <ClInclude Include="OsAppIcon.h">
      <Filter>Header Files\Gui</Filter>
    </ClInclude>
    <ClInclude Include="DeskTop.h">
      <Filter>Header Files\Gui</Filter>
    </ClInclude>
    <ClInclude Include="Lexer.h">
      <Filter>Header Files\Interpreter</Filter>
    </ClInclude>
    <ClInclude Include="Parser.h">
      <Filter>Header Files\Interpreter</Filter>
    </ClInclude>
    <ClInclude Include="Interpreter.h">
      <Filter>Header Files\Interpreter</Filter>
    </ClInclude>
    <ClInclude Include="VirtualOs.h">
      <Filter>Header Files</Filter>
    </ClInclude>
    <ClInclude Include="Kernel.h">
      <Filter>Header Files\Kernel</Filter>
    </ClInclude>
    <ClInclude Include="Scope.h">
      <Filter>Header Files\Interpreter</Filter>
    </ClInclude>
    <ClInclude Include="MhmRt.h">
      <Filter>Header Files\Interpreter</Filter>
    </ClInclude>
    <ClInclude Include="Interrupt.h">
      <Filter>Header Files\Kernel</Filter>
    </ClInclude>
    <ClInclude Include="Process.h">
      <Filter>Header Files\Processes</Filter>
    </ClInclude>
    <ClInclude Include="DeprecatedInclude.h">
      <Filter>Header Files</Filter>
    </ClInclude>
    <ClInclude Include="ProcessWindow.h">
      <Filter>Header Files\Processes</Filter>
    </ClInclude>
    <ClInclude Include="WindowCreationEvent.h">
      <Filter>Header Files\Gui</Filter>
    </ClInclude>
    <ClInclude Include="WindowTerminationEvent.h">
      <Filter>Header Files\Gui</Filter>
    </ClInclude>
    <ClInclude Include="Ast.h">
      <Filter>Header Files</Filter>
    </ClInclude>
    <ClInclude Include="OutputLabel.h">
      <Filter>Header Files\Gui</Filter>
    </ClInclude>
    <ClInclude Include="TaskBar.h">
      <Filter>Header Files\Gui</Filter>
    </ClInclude>
    <ClInclude Include="StartMenu.h">
      <Filter>Header Files\Gui</Filter>
    </ClInclude>
  </ItemGroup>
</Project>